PODS:
  - Flutter (1.0.0)
  - flutter_volcengine_video (0.0.1):
    - Flutter
    - TTSDKFramework/Player-SR (= 1.41.2.8-standard)
  - integration_test (0.0.1):
    - Flutter
  - RangersAppLog/Core (6.16.5):
    - RangersAppLog/Encryptor/VOLC
  - RangersAppLog/Encryptor/VOLC (6.16.5)
  - RangersAppLog/Host/CN (6.16.5):
    - RangersAppLog/Core
  - TTSDKFramework/BMF (1.41.2.8-standard):
    - TTSDKFramework/Core
  - TTSDKFramework/Core (1.41.2.8-standard):
    - RangersAppLog/Core (~> 6.16.2)
    - RangersAppLog/Host/CN (~> 6.16.2)
  - TTSDKFramework/HttpDNS (1.41.2.8-standard)
  - TTSDKFramework/Player (1.41.2.8-standard):
    - TTSDKFramework/Core
    - TTSDKFramework/HttpDNS
    - TTSDKFramework/PlayerCore
    - TTSDKFramework/Reachability
    - TTSDKFramework/TopSignature
    - TTSDKFramework/VCN
    - TTSDKFramework/VolcLog
  - TTSDKFramework/Player-SR (1.41.2.8-standard):
    - TTSDKFramework/BMF
    - TTSDKFramework/Player
  - TTSDKFramework/PlayerCore (1.41.2.8-standard):
    - TTSDKFramework/Core
    - TTSDKFramework/Tools
    - TTSDKFramework/TTFFmpeg
    - TTSDKFramework/VideoProcessor
  - TTSDKFramework/Reachability (1.41.2.8-standard)
  - TTSDKFramework/SSL (1.41.2.8-standard)
  - TTSDKFramework/Tools (1.41.2.8-standard):
    - TTSDKFramework/SSL
  - TTSDKFramework/TopSignature (1.41.2.8-standard)
  - TTSDKFramework/TTFFmpeg (1.41.2.8-standard):
    - TTSDKFramework/Tools
  - TTSDKFramework/VCN (1.41.2.8-standard)
  - TTSDKFramework/VideoProcessor (1.41.2.8-standard)
  - TTSDKFramework/VolcLog (1.41.2.8-standard):
    - TTSDKFramework/SSL

DEPENDENCIES:
  - Flutter (from `Flutter`)
  - flutter_volcengine_video (from `.symlinks/plugins/flutter_volcengine_video/ios`)
  - integration_test (from `.symlinks/plugins/integration_test/ios`)

SPEC REPOS:
  https://github.com/volcengine/volcengine-specs.git:
    - RangersAppLog
    - TTSDKFramework

EXTERNAL SOURCES:
  Flutter:
    :path: Flutter
  flutter_volcengine_video:
    :path: ".symlinks/plugins/flutter_volcengine_video/ios"
  integration_test:
    :path: ".symlinks/plugins/integration_test/ios"

SPEC CHECKSUMS:
  Flutter: e0871f40cf51350855a761d2e70bf5af5b9b5de7
  flutter_volcengine_video: 54e14ed4c89ea93881df7f60ee347d800fb4d92d
  integration_test: 13825b8a9334a850581300559b8839134b124670
  RangersAppLog: 7a5ad0ae94e99ae0652c4958b9ad0350c9c98760
  TTSDKFramework: 8bac639ef2c4b9090b5c4de40d962c2ef00d9621

PODFILE CHECKSUM: d8fb5bbe42056f1d34d8365d17065c359c68f980

COCOAPODS: 1.15.2
